# THIS IS AN AUTOGENERATED FILE. DO NOT EDIT THIS FILE DIRECTLY.
# yarn lockfile v1


"@types/bunyan@*":
  version "1.8.8"
  resolved "https://registry.yarnpkg.com/@types/bunyan/-/bunyan-1.8.8.tgz#8d6d33f090f37c07e2a80af30ae728450a101008"
  integrity sha512-Cblq+Yydg3u+sGiz2mjHjC5MPmdjY+No4qvHrF+BUhblsmSfMvsHLbOG62tPbonsqBj6sbWv1LHcsoe5Jw+/Ow==
  dependencies:
    "@types/node" "*"

"@types/formidable@^1":
  version "1.2.5"
  resolved "https://registry.yarnpkg.com/@types/formidable/-/formidable-1.2.5.tgz#561d026e5f09179e5c8ef7b31e8f4652e11abe4c"
  integrity sha512-zu3mQJa4hDNubEMViSj937602XdDGzK7Q5pJ5QmLUbNxclbo9tZGt5jtwM352ssZ+pqo5V4H14TBvT/ALqQQcA==
  dependencies:
    "@types/node" "*"

"@types/node@*":
  version "16.11.11"
  resolved "https://registry.yarnpkg.com/@types/node/-/node-16.11.11.tgz#6ea7342dfb379ea1210835bada87b3c512120234"
  integrity sha512-KB0sixD67CeecHC33MYn+eYARkqTheIRNuu97y2XMjR7Wu3XibO1vaY6VBV6O/a89SPI81cEUIYT87UqUWlZNw==

"@types/restify@^8.5.4":
  version "8.5.4"
  resolved "https://registry.yarnpkg.com/@types/restify/-/restify-8.5.4.tgz#7c56ec8ddce0e8541d9ed476901e51efe798bbaa"
  integrity sha512-oWVM0976ZbOXhfxyAeJy8CkBUCIgh9hotNYFs905PTCE/nUUxlUpc67bhVLTSRKRjyEwoCld83nhfZyWlRVyyw==
  dependencies:
    "@types/bunyan" "*"
    "@types/formidable" "^1"
    "@types/node" "*"
    "@types/spdy" "*"

"@types/spdy@*":
  version "3.4.5"
  resolved "https://registry.yarnpkg.com/@types/spdy/-/spdy-3.4.5.tgz#194dc132312ddcd31e8053789ae83a7bb32a8aaf"
  integrity sha512-/33fIRK/aqkKNxg9BSjpzt1ucmvPremgeDywm9z2C2mOlIh5Ljjvgc3UhQHqwXsSLDLHPT9jlsnrjKQ1XiVJzA==
  dependencies:
    "@types/node" "*"
